uuid: bcf310a1-afe4-4677-b987-5d0e53b88b26
langcode: en
status: true
dependencies:
  config:
    - views.view.presto_articles_listing
  module:
    - system
    - views
  theme:
    - bartik
_core:
  default_config_hash: t-Pp3YNh63hb7cDN_UcbVU-dVMkedSia4xpEsnMKUAQ
id: views_block__presto_articles_listing_listing_block
theme: bartik
region: content
weight: 10
provider: null
plugin: 'views_block:presto_articles_listing-listing_block'
settings:
  id: 'views_block:presto_articles_listing-listing_block'
  label: ''
  provider: views
  label_display: '0'
  views_label: ''
  items_per_page: none
visibility:
  request_path:
    id: request_path
    pages: /articles
    negate: false
    context_mapping: {  }
